
Microsoft Visual Studio Solution File, Format Version 12.00
# Visual Studio 14
VisualStudioVersion = 14.0.23107.0
MinimumVisualStudioVersion = 10.0.40219.1
Project("{FAE04EC0-301F-11D3-BF4B-00C04F79EFBC}") = "Expense_Manger", "Expense_Manger\Expense_Manger.csproj", "{CA4CCE1D-4110-4D8D-9773-0F03494C70D2}"
EndProject
Project("{F088123C-0E9E-452A-89E6-6BA2F21D5CAC}") = "Class diagrams", "Class diagrams\Class diagrams.modelproj", "{30A3B5F8-3CB6-4E97-99B6-E1E54BE5D5CF}"
EndProject
Global
	GlobalSection(SolutionConfigurationPlatforms) = preSolution
		Debug|Any CPU = Debug|Any CPU
		Release|Any CPU = Release|Any CPU
	EndGlobalSection
	GlobalSection(ProjectConfigurationPlatforms) = postSolution
		{CA4CCE1D-4110-4D8D-9773-0F03494C70D2}.Debug|Any CPU.ActiveCfg = Debug|Any CPU
		{CA4CCE1D-4110-4D8D-9773-0F03494C70D2}.Debug|Any CPU.Build.0 = Debug|Any CPU
		{CA4CCE1D-4110-4D8D-9773-0F03494C70D2}.Release|Any CPU.ActiveCfg = Release|Any CPU
		{CA4CCE1D-4110-4D8D-9773-0F03494C70D2}.Release|Any CPU.Build.0 = Release|Any CPU
		{30A3B5F8-3CB6-4E97-99B6-E1E54BE5D5CF}.Debug|Any CPU.ActiveCfg = Debug|Any CPU
		{30A3B5F8-3CB6-4E97-99B6-E1E54BE5D5CF}.Debug|Any CPU.Build.0 = Debug|Any CPU
		{30A3B5F8-3CB6-4E97-99B6-E1E54BE5D5CF}.Release|Any CPU.ActiveCfg = Release|Any CPU
		{30A3B5F8-3CB6-4E97-99B6-E1E54BE5D5CF}.Release|Any CPU.Build.0 = Release|Any CPU
	EndGlobalSection
	GlobalSection(SolutionProperties) = preSolution
		HideSolutionNode = FALSE
	EndGlobalSection
EndGlobal
